
Microsoft Visual Studio Solution File, Format Version 12.00
# Visual Studio Version 17
VisualStudioVersion = 17.5.33516.290
MinimumVisualStudioVersion = 10.0.40219.1
Project("{FAE04EC0-301F-11D3-BF4B-00C04F79EFBC}") = "SecureSite", "SecureSite.csproj", "{D2943102-594C-4D40-AB50-17548B375454}"
EndProject
Global
	GlobalSection(SolutionConfigurationPlatforms) = preSolution
		Debug|Any CPU = Debug|Any CPU
		Release|Any CPU = Release|Any CPU
	EndGlobalSection
	GlobalSection(ProjectConfigurationPlatforms) = postSolution
		{D2943102-594C-4D40-AB50-17548B375454}.Debug|Any CPU.ActiveCfg = Debug|Any CPU
		{D2943102-594C-4D40-AB50-17548B375454}.Debug|Any CPU.Build.0 = Debug|Any CPU
		{D2943102-594C-4D40-AB50-17548B375454}.Release|Any CPU.ActiveCfg = Release|Any CPU
		{D2943102-594C-4D40-AB50-17548B375454}.Release|Any CPU.Build.0 = Release|Any CPU
	EndGlobalSection
	GlobalSection(SolutionProperties) = preSolution
		HideSolutionNode = FALSE
	EndGlobalSection
	GlobalSection(ExtensibilityGlobals) = postSolution
		SolutionGuid = {984B8C6C-D23E-4640-95AE-69A4A892E2A7}
	EndGlobalSection
EndGlobal
