
Microsoft Visual Studio Solution File, Format Version 12.00
# Visual Studio Version 17
VisualStudioVersion = 17.5.33530.505
MinimumVisualStudioVersion = 10.0.40219.1
Project("{FAE04EC0-301F-11D3-BF4B-00C04F79EFBC}") = "MovieTrackerBlazor.Server", "Server\MovieTrackerBlazor.Server.csproj", "{BDEAABBD-3BBF-4580-8056-EBD12B5F8C89}"
EndProject
Project("{FAE04EC0-301F-11D3-BF4B-00C04F79EFBC}") = "MovieTrackerBlazor.Client", "Client\MovieTrackerBlazor.Client.csproj", "{33091FDC-F7E5-4A0D-AA31-BB42DCC62646}"
EndProject
Project("{FAE04EC0-301F-11D3-BF4B-00C04F79EFBC}") = "MovieTrackerBlazor.Shared", "Shared\MovieTrackerBlazor.Shared.csproj", "{32440890-C668-4D3C-B20C-A03981626632}"
EndProject
Global
	GlobalSection(SolutionConfigurationPlatforms) = preSolution
		Debug|Any CPU = Debug|Any CPU
		Release|Any CPU = Release|Any CPU
	EndGlobalSection
	GlobalSection(ProjectConfigurationPlatforms) = postSolution
		{BDEAABBD-3BBF-4580-8056-EBD12B5F8C89}.Debug|Any CPU.ActiveCfg = Debug|Any CPU
		{BDEAABBD-3BBF-4580-8056-EBD12B5F8C89}.Debug|Any CPU.Build.0 = Debug|Any CPU
		{BDEAABBD-3BBF-4580-8056-EBD12B5F8C89}.Release|Any CPU.ActiveCfg = Release|Any CPU
		{BDEAABBD-3BBF-4580-8056-EBD12B5F8C89}.Release|Any CPU.Build.0 = Release|Any CPU
		{33091FDC-F7E5-4A0D-AA31-BB42DCC62646}.Debug|Any CPU.ActiveCfg = Debug|Any CPU
		{33091FDC-F7E5-4A0D-AA31-BB42DCC62646}.Debug|Any CPU.Build.0 = Debug|Any CPU
		{33091FDC-F7E5-4A0D-AA31-BB42DCC62646}.Release|Any CPU.ActiveCfg = Release|Any CPU
		{33091FDC-F7E5-4A0D-AA31-BB42DCC62646}.Release|Any CPU.Build.0 = Release|Any CPU
		{32440890-C668-4D3C-B20C-A03981626632}.Debug|Any CPU.ActiveCfg = Debug|Any CPU
		{32440890-C668-4D3C-B20C-A03981626632}.Debug|Any CPU.Build.0 = Debug|Any CPU
		{32440890-C668-4D3C-B20C-A03981626632}.Release|Any CPU.ActiveCfg = Release|Any CPU
		{32440890-C668-4D3C-B20C-A03981626632}.Release|Any CPU.Build.0 = Release|Any CPU
	EndGlobalSection
	GlobalSection(SolutionProperties) = preSolution
		HideSolutionNode = FALSE
	EndGlobalSection
	GlobalSection(ExtensibilityGlobals) = postSolution
		SolutionGuid = {CE672298-5525-4E34-90B6-197719440FC2}
	EndGlobalSection
EndGlobal
