
Microsoft Visual Studio Solution File, Format Version 12.00
# Visual Studio Version 17
VisualStudioVersion = 17.5.33516.290
MinimumVisualStudioVersion = 10.0.40219.1
Project("{FAE04EC0-301F-11D3-BF4B-00C04F79EFBC}") = "SalarySlip", "SalarySlip.csproj", "{44B22FD1-4572-401F-9FF1-D634513C7113}"
EndProject
Global
	GlobalSection(SolutionConfigurationPlatforms) = preSolution
		Debug|Any CPU = Debug|Any CPU
		Release|Any CPU = Release|Any CPU
	EndGlobalSection
	GlobalSection(ProjectConfigurationPlatforms) = postSolution
		{44B22FD1-4572-401F-9FF1-D634513C7113}.Debug|Any CPU.ActiveCfg = Debug|Any CPU
		{44B22FD1-4572-401F-9FF1-D634513C7113}.Debug|Any CPU.Build.0 = Debug|Any CPU
		{44B22FD1-4572-401F-9FF1-D634513C7113}.Release|Any CPU.ActiveCfg = Release|Any CPU
		{44B22FD1-4572-401F-9FF1-D634513C7113}.Release|Any CPU.Build.0 = Release|Any CPU
	EndGlobalSection
	GlobalSection(SolutionProperties) = preSolution
		HideSolutionNode = FALSE
	EndGlobalSection
	GlobalSection(ExtensibilityGlobals) = postSolution
		SolutionGuid = {832B1CA2-3C83-4B27-B48A-F402F8C41CD5}
	EndGlobalSection
EndGlobal
