
Microsoft Visual Studio Solution File, Format Version 12.00
# Visual Studio Version 17
VisualStudioVersion = 17.5.33516.290
MinimumVisualStudioVersion = 10.0.40219.1
Project("{FAE04EC0-301F-11D3-BF4B-00C04F79EFBC}") = "PhysicianAPI", "PhysicianAPI.csproj", "{69A9E525-F54B-4CE5-AEAF-E25F1EE6C8E4}"
EndProject
Project("{FAE04EC0-301F-11D3-BF4B-00C04F79EFBC}") = "Doctors", "..\Doctors\Doctors.csproj", "{F6470587-AEBD-4649-979D-B2F87A86377D}"
EndProject
Global
	GlobalSection(SolutionConfigurationPlatforms) = preSolution
		Debug|Any CPU = Debug|Any CPU
		Release|Any CPU = Release|Any CPU
	EndGlobalSection
	GlobalSection(ProjectConfigurationPlatforms) = postSolution
		{69A9E525-F54B-4CE5-AEAF-E25F1EE6C8E4}.Debug|Any CPU.ActiveCfg = Debug|Any CPU
		{69A9E525-F54B-4CE5-AEAF-E25F1EE6C8E4}.Debug|Any CPU.Build.0 = Debug|Any CPU
		{69A9E525-F54B-4CE5-AEAF-E25F1EE6C8E4}.Release|Any CPU.ActiveCfg = Release|Any CPU
		{69A9E525-F54B-4CE5-AEAF-E25F1EE6C8E4}.Release|Any CPU.Build.0 = Release|Any CPU
		{F6470587-AEBD-4649-979D-B2F87A86377D}.Debug|Any CPU.ActiveCfg = Debug|Any CPU
		{F6470587-AEBD-4649-979D-B2F87A86377D}.Debug|Any CPU.Build.0 = Debug|Any CPU
		{F6470587-AEBD-4649-979D-B2F87A86377D}.Release|Any CPU.ActiveCfg = Release|Any CPU
		{F6470587-AEBD-4649-979D-B2F87A86377D}.Release|Any CPU.Build.0 = Release|Any CPU
	EndGlobalSection
	GlobalSection(SolutionProperties) = preSolution
		HideSolutionNode = FALSE
	EndGlobalSection
	GlobalSection(ExtensibilityGlobals) = postSolution
		SolutionGuid = {CF25B0B4-4332-4F78-A406-9CECC1CED28C}
	EndGlobalSection
EndGlobal
