
Microsoft Visual Studio Solution File, Format Version 12.00
# Visual Studio Version 17
VisualStudioVersion = 17.5.33516.290
MinimumVisualStudioVersion = 10.0.40219.1
Project("{FAE04EC0-301F-11D3-BF4B-00C04F79EFBC}") = "BlogPost", "BlogPost.csproj", "{1A80D0D5-E8E7-4276-9D0E-02A54EF76348}"
EndProject
Global
	GlobalSection(SolutionConfigurationPlatforms) = preSolution
		Debug|Any CPU = Debug|Any CPU
		Release|Any CPU = Release|Any CPU
	EndGlobalSection
	GlobalSection(ProjectConfigurationPlatforms) = postSolution
		{1A80D0D5-E8E7-4276-9D0E-02A54EF76348}.Debug|Any CPU.ActiveCfg = Debug|Any CPU
		{1A80D0D5-E8E7-4276-9D0E-02A54EF76348}.Debug|Any CPU.Build.0 = Debug|Any CPU
		{1A80D0D5-E8E7-4276-9D0E-02A54EF76348}.Release|Any CPU.ActiveCfg = Release|Any CPU
		{1A80D0D5-E8E7-4276-9D0E-02A54EF76348}.Release|Any CPU.Build.0 = Release|Any CPU
	EndGlobalSection
	GlobalSection(SolutionProperties) = preSolution
		HideSolutionNode = FALSE
	EndGlobalSection
	GlobalSection(ExtensibilityGlobals) = postSolution
		SolutionGuid = {210DC80E-1FA8-4C77-AEBD-4116076BEF2B}
	EndGlobalSection
EndGlobal
