
Microsoft Visual Studio Solution File, Format Version 12.00
# Visual Studio Version 17
VisualStudioVersion = 17.5.33502.453
MinimumVisualStudioVersion = 10.0.40219.1
Project("{FAE04EC0-301F-11D3-BF4B-00C04F79EFBC}") = "HospitalApp", "HospitalApp.csproj", "{04FBBE71-1CCF-4736-99A2-654ADC6AE305}"
EndProject
Global
	GlobalSection(SolutionConfigurationPlatforms) = preSolution
		Debug|Any CPU = Debug|Any CPU
		Release|Any CPU = Release|Any CPU
	EndGlobalSection
	GlobalSection(ProjectConfigurationPlatforms) = postSolution
		{04FBBE71-1CCF-4736-99A2-654ADC6AE305}.Debug|Any CPU.ActiveCfg = Debug|Any CPU
		{04FBBE71-1CCF-4736-99A2-654ADC6AE305}.Debug|Any CPU.Build.0 = Debug|Any CPU
		{04FBBE71-1CCF-4736-99A2-654ADC6AE305}.Release|Any CPU.ActiveCfg = Release|Any CPU
		{04FBBE71-1CCF-4736-99A2-654ADC6AE305}.Release|Any CPU.Build.0 = Release|Any CPU
	EndGlobalSection
	GlobalSection(SolutionProperties) = preSolution
		HideSolutionNode = FALSE
	EndGlobalSection
	GlobalSection(ExtensibilityGlobals) = postSolution
		SolutionGuid = {0E553C79-CDBF-4187-85A4-AE481FE67E84}
	EndGlobalSection
EndGlobal
