
Microsoft Visual Studio Solution File, Format Version 12.00
# Visual Studio Version 17
VisualStudioVersion = 17.0.31717.71
MinimumVisualStudioVersion = 10.0.40219.1
Project("{FAE04EC0-301F-11D3-BF4B-00C04F79EFBC}") = "asignment1", "asignment1\asignment1.csproj", "{0D348566-9388-4898-8232-29BFC9F07C4D}"
EndProject
Global
	GlobalSection(SolutionConfigurationPlatforms) = preSolution
		Debug|Any CPU = Debug|Any CPU
		Release|Any CPU = Release|Any CPU
	EndGlobalSection
	GlobalSection(ProjectConfigurationPlatforms) = postSolution
		{0D348566-9388-4898-8232-29BFC9F07C4D}.Debug|Any CPU.ActiveCfg = Debug|Any CPU
		{0D348566-9388-4898-8232-29BFC9F07C4D}.Debug|Any CPU.Build.0 = Debug|Any CPU
		{0D348566-9388-4898-8232-29BFC9F07C4D}.Release|Any CPU.ActiveCfg = Release|Any CPU
		{0D348566-9388-4898-8232-29BFC9F07C4D}.Release|Any CPU.Build.0 = Release|Any CPU
	EndGlobalSection
	GlobalSection(SolutionProperties) = preSolution
		HideSolutionNode = FALSE
	EndGlobalSection
	GlobalSection(ExtensibilityGlobals) = postSolution
		SolutionGuid = {9D5B2364-979E-41CD-B18D-FDE394D736FA}
	EndGlobalSection
EndGlobal
