
Microsoft Visual Studio Solution File, Format Version 12.00
# Visual Studio Version 17
VisualStudioVersion = 17.0.31912.275
MinimumVisualStudioVersion = 10.0.40219.1
Project("{9A19103F-16F7-4668-BE54-9A1E7A4F7556}") = "Northwind", "Northwind\Northwind.csproj", "{1E5EA829-3BB0-49A9-B4D7-BEE9C4A8A620}"
EndProject
Project("{FAE04EC0-301F-11D3-BF4B-00C04F79EFBC}") = "NorthwindAPI", "NorthwindAPI\NorthwindAPI.csproj", "{BA48A828-8628-47B5-8C19-B6A020397BF7}"
EndProject
Global
	GlobalSection(SolutionConfigurationPlatforms) = preSolution
		Debug|Any CPU = Debug|Any CPU
		Release|Any CPU = Release|Any CPU
	EndGlobalSection
	GlobalSection(ProjectConfigurationPlatforms) = postSolution
		{1E5EA829-3BB0-49A9-B4D7-BEE9C4A8A620}.Debug|Any CPU.ActiveCfg = Debug|Any CPU
		{1E5EA829-3BB0-49A9-B4D7-BEE9C4A8A620}.Debug|Any CPU.Build.0 = Debug|Any CPU
		{1E5EA829-3BB0-49A9-B4D7-BEE9C4A8A620}.Release|Any CPU.ActiveCfg = Release|Any CPU
		{1E5EA829-3BB0-49A9-B4D7-BEE9C4A8A620}.Release|Any CPU.Build.0 = Release|Any CPU
		{BA48A828-8628-47B5-8C19-B6A020397BF7}.Debug|Any CPU.ActiveCfg = Debug|Any CPU
		{BA48A828-8628-47B5-8C19-B6A020397BF7}.Debug|Any CPU.Build.0 = Debug|Any CPU
		{BA48A828-8628-47B5-8C19-B6A020397BF7}.Release|Any CPU.ActiveCfg = Release|Any CPU
		{BA48A828-8628-47B5-8C19-B6A020397BF7}.Release|Any CPU.Build.0 = Release|Any CPU
	EndGlobalSection
	GlobalSection(SolutionProperties) = preSolution
		HideSolutionNode = FALSE
	EndGlobalSection
	GlobalSection(ExtensibilityGlobals) = postSolution
		SolutionGuid = {C44B7C2F-9ED8-4B50-8B38-5D1EDFD86661}
	EndGlobalSection
EndGlobal
